
Microsoft Visual Studio Solution File, Format Version 12.00
# Visual Studio 14
VisualStudioVersion = 14.0.25420.1
MinimumVisualStudioVersion = 10.0.40219.1
Project("{FAE04EC0-301F-11D3-BF4B-00C04F79EFBC}") = "SramAccountAssigner", "SramAccountAssigner\SramAccountAssigner.csproj", "{15A891C5-51B6-4EAA-AEBE-CE430239C08A}"
EndProject
Project("{FAE04EC0-301F-11D3-BF4B-00C04F79EFBC}") = "SramAccountAssigner.Data", "SpaDataMigration.Data\SramAccountAssigner.Data.csproj", "{0ADD9A9E-E864-49CA-973E-6D5E5CD700FF}"
EndProject
Project("{FAE04EC0-301F-11D3-BF4B-00C04F79EFBC}") = "SramAccountAssigner.Entity", "SpaDataMigration.Entity\SramAccountAssigner.Entity.csproj", "{1FC415C4-6E98-4012-90E4-583AE99842B2}"
EndProject
Project("{FAE04EC0-301F-11D3-BF4B-00C04F79EFBC}") = "Common.Helper", "Common.Helper\Common.Helper.csproj", "{7378322D-576C-407A-88EA-6C7F8760F293}"
EndProject
Global
	GlobalSection(SolutionConfigurationPlatforms) = preSolution
		Debug|Any CPU = Debug|Any CPU
		Release|Any CPU = Release|Any CPU
	EndGlobalSection
	GlobalSection(ProjectConfigurationPlatforms) = postSolution
		{15A891C5-51B6-4EAA-AEBE-CE430239C08A}.Debug|Any CPU.ActiveCfg = Debug|Any CPU
		{15A891C5-51B6-4EAA-AEBE-CE430239C08A}.Debug|Any CPU.Build.0 = Debug|Any CPU
		{15A891C5-51B6-4EAA-AEBE-CE430239C08A}.Release|Any CPU.ActiveCfg = Release|Any CPU
		{15A891C5-51B6-4EAA-AEBE-CE430239C08A}.Release|Any CPU.Build.0 = Release|Any CPU
		{0ADD9A9E-E864-49CA-973E-6D5E5CD700FF}.Debug|Any CPU.ActiveCfg = Debug|Any CPU
		{0ADD9A9E-E864-49CA-973E-6D5E5CD700FF}.Debug|Any CPU.Build.0 = Debug|Any CPU
		{0ADD9A9E-E864-49CA-973E-6D5E5CD700FF}.Release|Any CPU.ActiveCfg = Release|Any CPU
		{0ADD9A9E-E864-49CA-973E-6D5E5CD700FF}.Release|Any CPU.Build.0 = Release|Any CPU
		{1FC415C4-6E98-4012-90E4-583AE99842B2}.Debug|Any CPU.ActiveCfg = Debug|Any CPU
		{1FC415C4-6E98-4012-90E4-583AE99842B2}.Debug|Any CPU.Build.0 = Debug|Any CPU
		{1FC415C4-6E98-4012-90E4-583AE99842B2}.Release|Any CPU.ActiveCfg = Release|Any CPU
		{1FC415C4-6E98-4012-90E4-583AE99842B2}.Release|Any CPU.Build.0 = Release|Any CPU
		{7378322D-576C-407A-88EA-6C7F8760F293}.Debug|Any CPU.ActiveCfg = Debug|Any CPU
		{7378322D-576C-407A-88EA-6C7F8760F293}.Debug|Any CPU.Build.0 = Debug|Any CPU
		{7378322D-576C-407A-88EA-6C7F8760F293}.Release|Any CPU.ActiveCfg = Release|Any CPU
		{7378322D-576C-407A-88EA-6C7F8760F293}.Release|Any CPU.Build.0 = Release|Any CPU
	EndGlobalSection
	GlobalSection(SolutionProperties) = preSolution
		HideSolutionNode = FALSE
	EndGlobalSection
EndGlobal
